
Microsoft Visual Studio Solution File, Format Version 12.00
# Visual Studio Version 17
VisualStudioVersion = 17.14.37328.6 d17.14
MinimumVisualStudioVersion = 10.0.40219.1
Project("{FAE04EC0-301F-11D3-BF4B-00C04F79EFBC}") = "transitFlow.api", "transitFlow.api\transitFlow.api.csproj", "{D5717125-71BC-415D-91E3-C099F0EC8951}"
EndProject
Global
	GlobalSection(SolutionConfigurationPlatforms) = preSolution
		Debug|Any CPU = Debug|Any CPU
		Release|Any CPU = Release|Any CPU
	EndGlobalSection
	GlobalSection(ProjectConfigurationPlatforms) = postSolution
		{D5717125-71BC-415D-91E3-C099F0EC8951}.Debug|Any CPU.ActiveCfg = Debug|Any CPU
		{D5717125-71BC-415D-91E3-C099F0EC8951}.Debug|Any CPU.Build.0 = Debug|Any CPU
		{D5717125-71BC-415D-91E3-C099F0EC8951}.Release|Any CPU.ActiveCfg = Release|Any CPU
		{D5717125-71BC-415D-91E3-C099F0EC8951}.Release|Any CPU.Build.0 = Release|Any CPU
	EndGlobalSection
	GlobalSection(SolutionProperties) = preSolution
		HideSolutionNode = FALSE
	EndGlobalSection
	GlobalSection(ExtensibilityGlobals) = postSolution
		SolutionGuid = {6BB557A5-9627-4F30-8E89-CCE38AEC0372}
	EndGlobalSection
EndGlobal
